
Microsoft Visual Studio Solution File, Format Version 12.00
# Visual Studio Version 16
VisualStudioVersion = 16.0.30717.126
MinimumVisualStudioVersion = 10.0.40219.1
Project("{FAE04EC0-301F-11D3-BF4B-00C04F79EFBC}") = "SysTechFirstTask", "SysTechFirstTask\SysTechFirstTask.csproj", "{8B467088-56BE-4B6E-873B-F55E3A3E7D09}"
EndProject
Global
	GlobalSection(SolutionConfigurationPlatforms) = preSolution
		Debug|Any CPU = Debug|Any CPU
		Release|Any CPU = Release|Any CPU
	EndGlobalSection
	GlobalSection(ProjectConfigurationPlatforms) = postSolution
		{8B467088-56BE-4B6E-873B-F55E3A3E7D09}.Debug|Any CPU.ActiveCfg = Debug|Any CPU
		{8B467088-56BE-4B6E-873B-F55E3A3E7D09}.Debug|Any CPU.Build.0 = Debug|Any CPU
		{8B467088-56BE-4B6E-873B-F55E3A3E7D09}.Release|Any CPU.ActiveCfg = Release|Any CPU
		{8B467088-56BE-4B6E-873B-F55E3A3E7D09}.Release|Any CPU.Build.0 = Release|Any CPU
	EndGlobalSection
	GlobalSection(SolutionProperties) = preSolution
		HideSolutionNode = FALSE
	EndGlobalSection
	GlobalSection(ExtensibilityGlobals) = postSolution
		SolutionGuid = {5C9E0E43-883D-4A67-8173-3B6EF8D1E4B7}
	EndGlobalSection
EndGlobal
